
Microsoft Visual Studio Solution File, Format Version 12.00
# Visual Studio Version 17
VisualStudioVersion = 17.0.31903.59
MinimumVisualStudioVersion = 10.0.40219.1
Project("{2150E333-8FDC-42A3-9474-1A3956D46DE8}") = "src", "src", "{827E0CD3-B72D-47B6-A68D-7590B98EB39B}"
EndProject
Project("{FAE04EC0-301F-11D3-BF4B-00C04F79EFBC}") = "Common", "src\Common\Common.csproj", "{1E308284-BAF0-4AF4-82D8-64B55BABC146}"
EndProject
Project("{FAE04EC0-301F-11D3-BF4B-00C04F79EFBC}") = "Receiver", "src\Receiver\Receiver.csproj", "{6A723179-9263-4759-9E20-5002EE2BBE98}"
EndProject
Project("{FAE04EC0-301F-11D3-BF4B-00C04F79EFBC}") = "Relay", "src\Relay\Relay.csproj", "{0FBF26D7-AA2D-4A1B-96B2-AB0EE4FC4982}"
EndProject
Project("{FAE04EC0-301F-11D3-BF4B-00C04F79EFBC}") = "Transmitter", "src\Transmitter\Transmitter.csproj", "{380503A7-0C5B-4B2A-A377-5B9FC61E3427}"
EndProject
Project("{2150E333-8FDC-42A3-9474-1A3956D46DE8}") = "apps", "apps", "{1787FE1D-075E-9E68-7218-25F1BD1BBEAB}"
EndProject
Project("{FAE04EC0-301F-11D3-BF4B-00C04F79EFBC}") = "ReceiverApp", "apps\ReceiverApp\ReceiverApp.csproj", "{CBE07262-87A7-430B-AA7D-D1BF24CECC61}"
EndProject
Project("{FAE04EC0-301F-11D3-BF4B-00C04F79EFBC}") = "TransmitterApp", "apps\TransmitterApp\TransmitterApp.csproj", "{0FFC2EA1-3BA8-4557-A5B7-82EA8806688F}"
EndProject
Project("{2150E333-8FDC-42A3-9474-1A3956D46DE8}") = "tests", "tests", "{0AB3BF05-4346-4AA6-1389-037BE0695223}"
EndProject
Project("{FAE04EC0-301F-11D3-BF4B-00C04F79EFBC}") = "Common.Tests", "tests\Common.Tests\Common.Tests.csproj", "{F391741D-E390-499F-991C-D009A25AA52E}"
EndProject
Project("{FAE04EC0-301F-11D3-BF4B-00C04F79EFBC}") = "Receiver.Tests", "tests\Receiver.Tests\Receiver.Tests.csproj", "{F1CC5B2B-BA81-4D7B-A1EE-BB03A78DB9CC}"
EndProject
Project("{FAE04EC0-301F-11D3-BF4B-00C04F79EFBC}") = "Relay.Tests", "tests\Relay.Tests\Relay.Tests.csproj", "{60C34D2E-7DF0-4D32-96C1-82F2341C6843}"
EndProject
Project("{FAE04EC0-301F-11D3-BF4B-00C04F79EFBC}") = "Transmitter.Tests", "tests\Transmitter.Tests\Transmitter.Tests.csproj", "{EF37781A-23CE-4E4D-8C8A-AE9154B1832C}"
EndProject
Global
	GlobalSection(SolutionConfigurationPlatforms) = preSolution
		Debug|Any CPU = Debug|Any CPU
		Debug|x64 = Debug|x64
		Debug|x86 = Debug|x86
		Release|Any CPU = Release|Any CPU
		Release|x64 = Release|x64
		Release|x86 = Release|x86
	EndGlobalSection
	GlobalSection(ProjectConfigurationPlatforms) = postSolution
		{1E308284-BAF0-4AF4-82D8-64B55BABC146}.Debug|Any CPU.ActiveCfg = Debug|Any CPU
		{1E308284-BAF0-4AF4-82D8-64B55BABC146}.Debug|Any CPU.Build.0 = Debug|Any CPU
		{1E308284-BAF0-4AF4-82D8-64B55BABC146}.Debug|x64.ActiveCfg = Debug|Any CPU
		{1E308284-BAF0-4AF4-82D8-64B55BABC146}.Debug|x64.Build.0 = Debug|Any CPU
		{1E308284-BAF0-4AF4-82D8-64B55BABC146}.Debug|x86.ActiveCfg = Debug|Any CPU
		{1E308284-BAF0-4AF4-82D8-64B55BABC146}.Debug|x86.Build.0 = Debug|Any CPU
		{1E308284-BAF0-4AF4-82D8-64B55BABC146}.Release|Any CPU.ActiveCfg = Release|Any CPU
		{1E308284-BAF0-4AF4-82D8-64B55BABC146}.Release|Any CPU.Build.0 = Release|Any CPU
		{1E308284-BAF0-4AF4-82D8-64B55BABC146}.Release|x64.ActiveCfg = Release|Any CPU
		{1E308284-BAF0-4AF4-82D8-64B55BABC146}.Release|x64.Build.0 = Release|Any CPU
		{1E308284-BAF0-4AF4-82D8-64B55BABC146}.Release|x86.ActiveCfg = Release|Any CPU
		{1E308284-BAF0-4AF4-82D8-64B55BABC146}.Release|x86.Build.0 = Release|Any CPU
		{6A723179-9263-4759-9E20-5002EE2BBE98}.Debug|Any CPU.ActiveCfg = Debug|Any CPU
		{6A723179-9263-4759-9E20-5002EE2BBE98}.Debug|Any CPU.Build.0 = Debug|Any CPU
		{6A723179-9263-4759-9E20-5002EE2BBE98}.Debug|x64.ActiveCfg = Debug|Any CPU
		{6A723179-9263-4759-9E20-5002EE2BBE98}.Debug|x64.Build.0 = Debug|Any CPU
		{6A723179-9263-4759-9E20-5002EE2BBE98}.Debug|x86.ActiveCfg = Debug|Any CPU
		{6A723179-9263-4759-9E20-5002EE2BBE98}.Debug|x86.Build.0 = Debug|Any CPU
		{6A723179-9263-4759-9E20-5002EE2BBE98}.Release|Any CPU.ActiveCfg = Release|Any CPU
		{6A723179-9263-4759-9E20-5002EE2BBE98}.Release|Any CPU.Build.0 = Release|Any CPU
		{6A723179-9263-4759-9E20-5002EE2BBE98}.Release|x64.ActiveCfg = Release|Any CPU
		{6A723179-9263-4759-9E20-5002EE2BBE98}.Release|x64.Build.0 = Release|Any CPU
		{6A723179-9263-4759-9E20-5002EE2BBE98}.Release|x86.ActiveCfg = Release|Any CPU
		{6A723179-9263-4759-9E20-5002EE2BBE98}.Release|x86.Build.0 = Release|Any CPU
		{0FBF26D7-AA2D-4A1B-96B2-AB0EE4FC4982}.Debug|Any CPU.ActiveCfg = Debug|Any CPU
		{0FBF26D7-AA2D-4A1B-96B2-AB0EE4FC4982}.Debug|Any CPU.Build.0 = Debug|Any CPU
		{0FBF26D7-AA2D-4A1B-96B2-AB0EE4FC4982}.Debug|x64.ActiveCfg = Debug|Any CPU
		{0FBF26D7-AA2D-4A1B-96B2-AB0EE4FC4982}.Debug|x64.Build.0 = Debug|Any CPU
		{0FBF26D7-AA2D-4A1B-96B2-AB0EE4FC4982}.Debug|x86.ActiveCfg = Debug|Any CPU
		{0FBF26D7-AA2D-4A1B-96B2-AB0EE4FC4982}.Debug|x86.Build.0 = Debug|Any CPU
		{0FBF26D7-AA2D-4A1B-96B2-AB0EE4FC4982}.Release|Any CPU.ActiveCfg = Release|Any CPU
		{0FBF26D7-AA2D-4A1B-96B2-AB0EE4FC4982}.Release|Any CPU.Build.0 = Release|Any CPU
		{0FBF26D7-AA2D-4A1B-96B2-AB0EE4FC4982}.Release|x64.ActiveCfg = Release|Any CPU
		{0FBF26D7-AA2D-4A1B-96B2-AB0EE4FC4982}.Release|x64.Build.0 = Release|Any CPU
		{0FBF26D7-AA2D-4A1B-96B2-AB0EE4FC4982}.Release|x86.ActiveCfg = Release|Any CPU
		{0FBF26D7-AA2D-4A1B-96B2-AB0EE4FC4982}.Release|x86.Build.0 = Release|Any CPU
		{380503A7-0C5B-4B2A-A377-5B9FC61E3427}.Debug|Any CPU.ActiveCfg = Debug|Any CPU
		{380503A7-0C5B-4B2A-A377-5B9FC61E3427}.Debug|Any CPU.Build.0 = Debug|Any CPU
		{380503A7-0C5B-4B2A-A377-5B9FC61E3427}.Debug|x64.ActiveCfg = Debug|Any CPU
		{380503A7-0C5B-4B2A-A377-5B9FC61E3427}.Debug|x64.Build.0 = Debug|Any CPU
		{380503A7-0C5B-4B2A-A377-5B9FC61E3427}.Debug|x86.ActiveCfg = Debug|Any CPU
		{380503A7-0C5B-4B2A-A377-5B9FC61E3427}.Debug|x86.Build.0 = Debug|Any CPU
		{380503A7-0C5B-4B2A-A377-5B9FC61E3427}.Release|Any CPU.ActiveCfg = Release|Any CPU
		{380503A7-0C5B-4B2A-A377-5B9FC61E3427}.Release|Any CPU.Build.0 = Release|Any CPU
		{380503A7-0C5B-4B2A-A377-5B9FC61E3427}.Release|x64.ActiveCfg = Release|Any CPU
		{380503A7-0C5B-4B2A-A377-5B9FC61E3427}.Release|x64.Build.0 = Release|Any CPU
		{380503A7-0C5B-4B2A-A377-5B9FC61E3427}.Release|x86.ActiveCfg = Release|Any CPU
		{380503A7-0C5B-4B2A-A377-5B9FC61E3427}.Release|x86.Build.0 = Release|Any CPU
		{CBE07262-87A7-430B-AA7D-D1BF24CECC61}.Debug|Any CPU.ActiveCfg = Debug|Any CPU
		{CBE07262-87A7-430B-AA7D-D1BF24CECC61}.Debug|Any CPU.Build.0 = Debug|Any CPU
		{CBE07262-87A7-430B-AA7D-D1BF24CECC61}.Debug|x64.ActiveCfg = Debug|Any CPU
		{CBE07262-87A7-430B-AA7D-D1BF24CECC61}.Debug|x64.Build.0 = Debug|Any CPU
		{CBE07262-87A7-430B-AA7D-D1BF24CECC61}.Debug|x86.ActiveCfg = Debug|Any CPU
		{CBE07262-87A7-430B-AA7D-D1BF24CECC61}.Debug|x86.Build.0 = Debug|Any CPU
		{CBE07262-87A7-430B-AA7D-D1BF24CECC61}.Release|Any CPU.ActiveCfg = Release|Any CPU
		{CBE07262-87A7-430B-AA7D-D1BF24CECC61}.Release|Any CPU.Build.0 = Release|Any CPU
		{CBE07262-87A7-430B-AA7D-D1BF24CECC61}.Release|x64.ActiveCfg = Release|Any CPU
		{CBE07262-87A7-430B-AA7D-D1BF24CECC61}.Release|x64.Build.0 = Release|Any CPU
		{CBE07262-87A7-430B-AA7D-D1BF24CECC61}.Release|x86.ActiveCfg = Release|Any CPU
		{CBE07262-87A7-430B-AA7D-D1BF24CECC61}.Release|x86.Build.0 = Release|Any CPU
		{0FFC2EA1-3BA8-4557-A5B7-82EA8806688F}.Debug|Any CPU.ActiveCfg = Debug|Any CPU
		{0FFC2EA1-3BA8-4557-A5B7-82EA8806688F}.Debug|Any CPU.Build.0 = Debug|Any CPU
		{0FFC2EA1-3BA8-4557-A5B7-82EA8806688F}.Debug|x64.ActiveCfg = Debug|Any CPU
		{0FFC2EA1-3BA8-4557-A5B7-82EA8806688F}.Debug|x64.Build.0 = Debug|Any CPU
		{0FFC2EA1-3BA8-4557-A5B7-82EA8806688F}.Debug|x86.ActiveCfg = Debug|Any CPU
		{0FFC2EA1-3BA8-4557-A5B7-82EA8806688F}.Debug|x86.Build.0 = Debug|Any CPU
		{0FFC2EA1-3BA8-4557-A5B7-82EA8806688F}.Release|Any CPU.ActiveCfg = Release|Any CPU
		{0FFC2EA1-3BA8-4557-A5B7-82EA8806688F}.Release|Any CPU.Build.0 = Release|Any CPU
		{0FFC2EA1-3BA8-4557-A5B7-82EA8806688F}.Release|x64.ActiveCfg = Release|Any CPU
		{0FFC2EA1-3BA8-4557-A5B7-82EA8806688F}.Release|x64.Build.0 = Release|Any CPU
		{0FFC2EA1-3BA8-4557-A5B7-82EA8806688F}.Release|x86.ActiveCfg = Release|Any CPU
		{0FFC2EA1-3BA8-4557-A5B7-82EA8806688F}.Release|x86.Build.0 = Release|Any CPU
		{F391741D-E390-499F-991C-D009A25AA52E}.Debug|Any CPU.ActiveCfg = Debug|Any CPU
		{F391741D-E390-499F-991C-D009A25AA52E}.Debug|Any CPU.Build.0 = Debug|Any CPU
		{F391741D-E390-499F-991C-D009A25AA52E}.Debug|x64.ActiveCfg = Debug|Any CPU
		{F391741D-E390-499F-991C-D009A25AA52E}.Debug|x64.Build.0 = Debug|Any CPU
		{F391741D-E390-499F-991C-D009A25AA52E}.Debug|x86.ActiveCfg = Debug|Any CPU
		{F391741D-E390-499F-991C-D009A25AA52E}.Debug|x86.Build.0 = Debug|Any CPU
		{F391741D-E390-499F-991C-D009A25AA52E}.Release|Any CPU.ActiveCfg = Release|Any CPU
		{F391741D-E390-499F-991C-D009A25AA52E}.Release|Any CPU.Build.0 = Release|Any CPU
		{F391741D-E390-499F-991C-D009A25AA52E}.Release|x64.ActiveCfg = Release|Any CPU
		{F391741D-E390-499F-991C-D009A25AA52E}.Release|x64.Build.0 = Release|Any CPU
		{F391741D-E390-499F-991C-D009A25AA52E}.Release|x86.ActiveCfg = Release|Any CPU
		{F391741D-E390-499F-991C-D009A25AA52E}.Release|x86.Build.0 = Release|Any CPU
		{F1CC5B2B-BA81-4D7B-A1EE-BB03A78DB9CC}.Debug|Any CPU.ActiveCfg = Debug|Any CPU
		{F1CC5B2B-BA81-4D7B-A1EE-BB03A78DB9CC}.Debug|Any CPU.Build.0 = Debug|Any CPU
		{F1CC5B2B-BA81-4D7B-A1EE-BB03A78DB9CC}.Debug|x64.ActiveCfg = Debug|Any CPU
		{F1CC5B2B-BA81-4D7B-A1EE-BB03A78DB9CC}.Debug|x64.Build.0 = Debug|Any CPU
		{F1CC5B2B-BA81-4D7B-A1EE-BB03A78DB9CC}.Debug|x86.ActiveCfg = Debug|Any CPU
		{F1CC5B2B-BA81-4D7B-A1EE-BB03A78DB9CC}.Debug|x86.Build.0 = Debug|Any CPU
		{F1CC5B2B-BA81-4D7B-A1EE-BB03A78DB9CC}.Release|Any CPU.ActiveCfg = Release|Any CPU
		{F1CC5B2B-BA81-4D7B-A1EE-BB03A78DB9CC}.Release|Any CPU.Build.0 = Release|Any CPU
		{F1CC5B2B-BA81-4D7B-A1EE-BB03A78DB9CC}.Release|x64.ActiveCfg = Release|Any CPU
		{F1CC5B2B-BA81-4D7B-A1EE-BB03A78DB9CC}.Release|x64.Build.0 = Release|Any CPU
		{F1CC5B2B-BA81-4D7B-A1EE-BB03A78DB9CC}.Release|x86.ActiveCfg = Release|Any CPU
		{F1CC5B2B-BA81-4D7B-A1EE-BB03A78DB9CC}.Release|x86.Build.0 = Release|Any CPU
		{60C34D2E-7DF0-4D32-96C1-82F2341C6843}.Debug|Any CPU.ActiveCfg = Debug|Any CPU
		{60C34D2E-7DF0-4D32-96C1-82F2341C6843}.Debug|Any CPU.Build.0 = Debug|Any CPU
		{60C34D2E-7DF0-4D32-96C1-82F2341C6843}.Debug|x64.ActiveCfg = Debug|Any CPU
		{60C34D2E-7DF0-4D32-96C1-82F2341C6843}.Debug|x64.Build.0 = Debug|Any CPU
		{60C34D2E-7DF0-4D32-96C1-82F2341C6843}.Debug|x86.ActiveCfg = Debug|Any CPU
		{60C34D2E-7DF0-4D32-96C1-82F2341C6843}.Debug|x86.Build.0 = Debug|Any CPU
		{60C34D2E-7DF0-4D32-96C1-82F2341C6843}.Release|Any CPU.ActiveCfg = Release|Any CPU
		{60C34D2E-7DF0-4D32-96C1-82F2341C6843}.Release|Any CPU.Build.0 = Release|Any CPU
		{60C34D2E-7DF0-4D32-96C1-82F2341C6843}.Release|x64.ActiveCfg = Release|Any CPU
		{60C34D2E-7DF0-4D32-96C1-82F2341C6843}.Release|x64.Build.0 = Release|Any CPU
		{60C34D2E-7DF0-4D32-96C1-82F2341C6843}.Release|x86.ActiveCfg = Release|Any CPU
		{60C34D2E-7DF0-4D32-96C1-82F2341C6843}.Release|x86.Build.0 = Release|Any CPU
		{EF37781A-23CE-4E4D-8C8A-AE9154B1832C}.Debug|Any CPU.ActiveCfg = Debug|Any CPU
		{EF37781A-23CE-4E4D-8C8A-AE9154B1832C}.Debug|Any CPU.Build.0 = Debug|Any CPU
		{EF37781A-23CE-4E4D-8C8A-AE9154B1832C}.Debug|x64.ActiveCfg = Debug|Any CPU
		{EF37781A-23CE-4E4D-8C8A-AE9154B1832C}.Debug|x64.Build.0 = Debug|Any CPU
		{EF37781A-23CE-4E4D-8C8A-AE9154B1832C}.Debug|x86.ActiveCfg = Debug|Any CPU
		{EF37781A-23CE-4E4D-8C8A-AE9154B1832C}.Debug|x86.Build.0 = Debug|Any CPU
		{EF37781A-23CE-4E4D-8C8A-AE9154B1832C}.Release|Any CPU.ActiveCfg = Release|Any CPU
		{EF37781A-23CE-4E4D-8C8A-AE9154B1832C}.Release|Any CPU.Build.0 = Release|Any CPU
		{EF37781A-23CE-4E4D-8C8A-AE9154B1832C}.Release|x64.ActiveCfg = Release|Any CPU
		{EF37781A-23CE-4E4D-8C8A-AE9154B1832C}.Release|x64.Build.0 = Release|Any CPU
		{EF37781A-23CE-4E4D-8C8A-AE9154B1832C}.Release|x86.ActiveCfg = Release|Any CPU
		{EF37781A-23CE-4E4D-8C8A-AE9154B1832C}.Release|x86.Build.0 = Release|Any CPU
	EndGlobalSection
	GlobalSection(SolutionProperties) = preSolution
		HideSolutionNode = FALSE
	EndGlobalSection
	GlobalSection(NestedProjects) = preSolution
		{1E308284-BAF0-4AF4-82D8-64B55BABC146} = {827E0CD3-B72D-47B6-A68D-7590B98EB39B}
		{6A723179-9263-4759-9E20-5002EE2BBE98} = {827E0CD3-B72D-47B6-A68D-7590B98EB39B}
		{0FBF26D7-AA2D-4A1B-96B2-AB0EE4FC4982} = {827E0CD3-B72D-47B6-A68D-7590B98EB39B}
		{380503A7-0C5B-4B2A-A377-5B9FC61E3427} = {827E0CD3-B72D-47B6-A68D-7590B98EB39B}
		{CBE07262-87A7-430B-AA7D-D1BF24CECC61} = {1787FE1D-075E-9E68-7218-25F1BD1BBEAB}
		{0FFC2EA1-3BA8-4557-A5B7-82EA8806688F} = {1787FE1D-075E-9E68-7218-25F1BD1BBEAB}
		{F391741D-E390-499F-991C-D009A25AA52E} = {0AB3BF05-4346-4AA6-1389-037BE0695223}
		{F1CC5B2B-BA81-4D7B-A1EE-BB03A78DB9CC} = {0AB3BF05-4346-4AA6-1389-037BE0695223}
		{60C34D2E-7DF0-4D32-96C1-82F2341C6843} = {0AB3BF05-4346-4AA6-1389-037BE0695223}
		{EF37781A-23CE-4E4D-8C8A-AE9154B1832C} = {0AB3BF05-4346-4AA6-1389-037BE0695223}
	EndGlobalSection
EndGlobal
